<?xml version="1.0" encoding="utf-8"?>
<Project ToolsVersion="4.0" xmlns="http://schemas.microsoft.com/developer/msbuild/2003">
  <ItemGroup>
    <Filter Include="Source Files">
      <UniqueIdentifier>{4FC737F1-C7A5-4376-A066-2A32D752A2FF}</UniqueIdentifier>
      <Extensions>cpp;c;cc;cxx;def;odl;idl;hpj;bat;asm;asmx</Extensions>
    </Filter>
    <Filter Include="Header Files">
      <UniqueIdentifier>{93995380-89BD-4b04-88EB-625FBE52EBFB}</UniqueIdentifier>
      <Extensions>h;hh;hpp;hxx;hm;inl;inc;ipp;xsd</Extensions>
    </Filter>
    <Filter Include="Resource Files">
      <UniqueIdentifier>{67DA6AB6-F800-4c08-8B7A-83BB121AAD01}</UniqueIdentifier>
      <Extensions>rc;ico;cur;bmp;dlg;rc2;rct;bin;rgs;gif;jpg;jpeg;jpe;resx;tiff;tif;png;wav;mfcribbon-ms</Extensions>
    </Filter>
  </ItemGroup>
  <ItemGroup>
    <ClCompile Include="main.cpp">
      <Filter>Source Files</Filter>
    </ClCompile>
    <ClCompile Include="src\AcsGE\EventManager.cpp">
      <Filter>Source Files</Filter>
    </ClCompile>
    <ClCompile Include="src\AcsGE\Messages.cpp">
      <Filter>Source Files</Filter>
    </ClCompile>
    <ClCompile Include="src\AcsGE\Renderer.cpp">
      <Filter>Source Files</Filter>
    </ClCompile>
    <ClCompile Include="src\AcsGE\Sprite.cpp">
      <Filter>Source Files</Filter>
    </ClCompile>
    <ClCompile Include="src\AcsGE\Texture.cpp">
      <Filter>Source Files</Filter>
    </ClCompile>
    <ClCompile Include="src\AcsGE\Window.cpp">
      <Filter>Source Files</Filter>
    </ClCompile>
    <ClCompile Include="src\AcsGE\Util\ColorList.cpp">
      <Filter>Source Files</Filter>
    </ClCompile>
    <ClCompile Include="src\Game.cpp">
      <Filter>Source Files</Filter>
    </ClCompile>
    <ClCompile Include="src\AcsGE\ECS\Components\SpriteComponent.cpp">
      <Filter>Source Files</Filter>
    </ClCompile>
    <ClCompile Include="src\AcsGE\Animation.cpp">
      <Filter>Source Files</Filter>
    </ClCompile>
    <ClCompile Include="src\AcsGE\ECS\EntityManager.cpp">
      <Filter>Source Files</Filter>
    </ClCompile>
    <ClCompile Include="src\AcsGE\ECS\Components\RenderableComponent.cpp">
      <Filter>Source Files</Filter>
    </ClCompile>
    <ClCompile Include="src\CustomComponents\PlayerComponent.h">
      <Filter>Source Files</Filter>
    </ClCompile>
    <ClCompile Include="src\AcsGE\ECS\Systems\RendererSystem.cpp">
      <Filter>Source Files</Filter>
    </ClCompile>
    <ClCompile Include="src\CustomSystems\MapSystem.cpp">
      <Filter>Source Files</Filter>
    </ClCompile>
    <ClCompile Include="src\CustomSystems\PlayerSystem.cpp">
      <Filter>Source Files</Filter>
    </ClCompile>
    <ClCompile Include="src\CustomSystems\OverlaySystem.cpp">
      <Filter>Source Files</Filter>
    </ClCompile>
    <ClCompile Include="src\AcsGE\Util\Vector2D.cpp">
      <Filter>Source Files</Filter>
    </ClCompile>
    <ClCompile Include="src\AcsGE\ECS\Components\PositionComponent.cpp">
      <Filter>Source Files</Filter>
    </ClCompile>
    <ClCompile Include="src\AcsGE\ECS\Systems\ColisionSystem.cpp">
      <Filter>Source Files</Filter>
    </ClCompile>
    <ClCompile Include="src\AcsGE\ECS\Components\ColisionComponent.cpp">
      <Filter>Source Files</Filter>
    </ClCompile>
  </ItemGroup>
  <ItemGroup>
    <ClInclude Include="src\AcsGE\EventManager.h">
      <Filter>Header Files</Filter>
    </ClInclude>
    <ClInclude Include="src\AcsGE\Messages.h">
      <Filter>Header Files</Filter>
    </ClInclude>
    <ClInclude Include="src\AcsGE\Renderer.h">
      <Filter>Header Files</Filter>
    </ClInclude>
    <ClInclude Include="src\AcsGE\Sprite.h">
      <Filter>Header Files</Filter>
    </ClInclude>
    <ClInclude Include="src\AcsGE\Texture.h">
      <Filter>Header Files</Filter>
    </ClInclude>
    <ClInclude Include="src\AcsGE\Window.h">
      <Filter>Header Files</Filter>
    </ClInclude>
    <ClInclude Include="src\AcsGE\Util\ColorList.h">
      <Filter>Header Files</Filter>
    </ClInclude>
    <ClInclude Include="src\AcsGE\Util\Mediator.h">
      <Filter>Header Files</Filter>
    </ClInclude>
    <ClInclude Include="src\Game.h">
      <Filter>Header Files</Filter>
    </ClInclude>
    <ClInclude Include="src\AcsGE\ECS\Entity.h">
      <Filter>Header Files</Filter>
    </ClInclude>
    <ClInclude Include="src\AcsGE\ECS\Component.h">
      <Filter>Header Files</Filter>
    </ClInclude>
    <ClInclude Include="src\AcsGE\ECS\Components\SpriteComponent.h">
      <Filter>Header Files</Filter>
    </ClInclude>
    <ClInclude Include="src\AcsGE\Animation.h">
      <Filter>Header Files</Filter>
    </ClInclude>
    <ClInclude Include="src\AcsGE\ECS\EntityManager.h">
      <Filter>Header Files</Filter>
    </ClInclude>
    <ClInclude Include="src\CustomComponents\MapItemComponent.h">
      <Filter>Header Files</Filter>
    </ClInclude>
    <ClInclude Include="src\AcsGE\ECS\Components\RenderableComponent.h">
      <Filter>Header Files</Filter>
    </ClInclude>
    <ClInclude Include="src\AcsGE\ECS\System.h">
      <Filter>Header Files</Filter>
    </ClInclude>
    <ClInclude Include="src\AcsGE\ECS\Systems\RendererSystem.h">
      <Filter>Header Files</Filter>
    </ClInclude>
    <ClInclude Include="src\CustomComponents\OverlayComponent.h">
      <Filter>Header Files</Filter>
    </ClInclude>
    <ClInclude Include="src\CustomSystems\MapSystem.h">
      <Filter>Header Files</Filter>
    </ClInclude>
    <ClInclude Include="src\CustomSystems\PlayerSystem.h">
      <Filter>Header Files</Filter>
    </ClInclude>
    <ClInclude Include="src\CustomSystems\OverlaySystem.h">
      <Filter>Header Files</Filter>
    </ClInclude>
    <ClInclude Include="src\GameValues.h">
      <Filter>Header Files</Filter>
    </ClInclude>
    <ClInclude Include="src\AcsGE\Util\Vector2D.h">
      <Filter>Header Files</Filter>
    </ClInclude>
    <ClInclude Include="src\AcsGE\ECS\Components\PositionComponent.h">
      <Filter>Header Files</Filter>
    </ClInclude>
    <ClInclude Include="src\AcsGE\ECS\Systems\ColisionSystem.h">
      <Filter>Header Files</Filter>
    </ClInclude>
    <ClInclude Include="src\AcsGE\ECS\Components\ColisionComponent.h">
      <Filter>Header Files</Filter>
    </ClInclude>
  </ItemGroup>
  <ItemGroup>
    <None Include="assets\levels\level1" />
    <None Include="assets\levels\level2" />
    <None Include="assets\levels\level3" />
    <None Include="assets\levels\level4" />
  </ItemGroup>
  <ItemGroup>
    <Image Include="assets\images\cave-background.jpg">
      <Filter>Resource Files</Filter>
    </Image>
    <Image Include="assets\images\cave-background2.jpg">
      <Filter>Resource Files</Filter>
    </Image>
    <Image Include="assets\images\snowy-background.jpg">
      <Filter>Resource Files</Filter>
    </Image>
    <Image Include="assets\images\Sprites.png">
      <Filter>Resource Files</Filter>
    </Image>
  </ItemGroup>
  <ItemGroup>
    <Media Include="assets\audio\Bomb.wav">
      <Filter>Resource Files</Filter>
    </Media>
    <Media Include="assets\audio\die.wav">
      <Filter>Resource Files</Filter>
    </Media>
    <Media Include="assets\audio\gold.wav">
      <Filter>Resource Files</Filter>
    </Media>
    <Media Include="assets\audio\indiana.wav">
      <Filter>Resource Files</Filter>
    </Media>
    <Media Include="assets\audio\jump.wav">
      <Filter>Resource Files</Filter>
    </Media>
    <Media Include="assets\audio\ouch.wav">
      <Filter>Resource Files</Filter>
    </Media>
  </ItemGroup>
</Project>